
Microsoft Visual Studio Solution File, Format Version 12.00
# Visual Studio Version 16
VisualStudioVersion = 16.0.30011.22
MinimumVisualStudioVersion = 10.0.40219.1
Project("{9A19103F-16F7-4668-BE54-9A1E7A4F7556}") = "Hotaru", "Hotaru\Hotaru.csproj", "{5D26363B-C367-4E60-A58A-76ACD0C53033}"
EndProject
Project("{9A19103F-16F7-4668-BE54-9A1E7A4F7556}") = "Hotaru.shared", "Hotaru.shared\Hotaru.shared.csproj", "{CFBA028E-3C9F-4C12-A50A-D95AC0A2CA59}"
EndProject
Global
	GlobalSection(SolutionConfigurationPlatforms) = preSolution
		Debug|Any CPU = Debug|Any CPU
		Release|Any CPU = Release|Any CPU
	EndGlobalSection
	GlobalSection(ProjectConfigurationPlatforms) = postSolution
		{5D26363B-C367-4E60-A58A-76ACD0C53033}.Debug|Any CPU.ActiveCfg = Debug|Any CPU
		{5D26363B-C367-4E60-A58A-76ACD0C53033}.Debug|Any CPU.Build.0 = Debug|Any CPU
		{5D26363B-C367-4E60-A58A-76ACD0C53033}.Release|Any CPU.ActiveCfg = Release|Any CPU
		{5D26363B-C367-4E60-A58A-76ACD0C53033}.Release|Any CPU.Build.0 = Release|Any CPU
		{CFBA028E-3C9F-4C12-A50A-D95AC0A2CA59}.Debug|Any CPU.ActiveCfg = Debug|Any CPU
		{CFBA028E-3C9F-4C12-A50A-D95AC0A2CA59}.Debug|Any CPU.Build.0 = Debug|Any CPU
		{CFBA028E-3C9F-4C12-A50A-D95AC0A2CA59}.Release|Any CPU.ActiveCfg = Release|Any CPU
		{CFBA028E-3C9F-4C12-A50A-D95AC0A2CA59}.Release|Any CPU.Build.0 = Release|Any CPU
	EndGlobalSection
	GlobalSection(SolutionProperties) = preSolution
		HideSolutionNode = FALSE
	EndGlobalSection
	GlobalSection(ExtensibilityGlobals) = postSolution
		SolutionGuid = {5D92AF80-5218-4029-8C04-A77DD82535A4}
	EndGlobalSection
EndGlobal
